
Microsoft Visual Studio Solution File, Format Version 12.00
# Visual Studio Version 16
VisualStudioVersion = 16.0.30907.101
MinimumVisualStudioVersion = 10.0.40219.1
Project("{FAE04EC0-301F-11D3-BF4B-00C04F79EFBC}") = "UnrealLibraryApp", "UnrealLibraryApp\UnrealLibraryApp.csproj", "{8EF14EBE-D2C9-44EE-9229-54E98AB48EFE}"
EndProject
Project("{FAE04EC0-301F-11D3-BF4B-00C04F79EFBC}") = "UnrealLibraryAppTests", "UnrealLibraryAppTests\UnrealLibraryAppTests.csproj", "{8FA77B4A-B9F3-43F4-B5B1-96408F9ACFAA}"
EndProject
Global
	GlobalSection(SolutionConfigurationPlatforms) = preSolution
		Debug|Any CPU = Debug|Any CPU
		Release|Any CPU = Release|Any CPU
	EndGlobalSection
	GlobalSection(ProjectConfigurationPlatforms) = postSolution
		{8EF14EBE-D2C9-44EE-9229-54E98AB48EFE}.Debug|Any CPU.ActiveCfg = Debug|Any CPU
		{8EF14EBE-D2C9-44EE-9229-54E98AB48EFE}.Debug|Any CPU.Build.0 = Debug|Any CPU
		{8EF14EBE-D2C9-44EE-9229-54E98AB48EFE}.Release|Any CPU.ActiveCfg = Release|Any CPU
		{8EF14EBE-D2C9-44EE-9229-54E98AB48EFE}.Release|Any CPU.Build.0 = Release|Any CPU
		{8FA77B4A-B9F3-43F4-B5B1-96408F9ACFAA}.Debug|Any CPU.ActiveCfg = Debug|Any CPU
		{8FA77B4A-B9F3-43F4-B5B1-96408F9ACFAA}.Debug|Any CPU.Build.0 = Debug|Any CPU
		{8FA77B4A-B9F3-43F4-B5B1-96408F9ACFAA}.Release|Any CPU.ActiveCfg = Release|Any CPU
		{8FA77B4A-B9F3-43F4-B5B1-96408F9ACFAA}.Release|Any CPU.Build.0 = Release|Any CPU
	EndGlobalSection
	GlobalSection(SolutionProperties) = preSolution
		HideSolutionNode = FALSE
	EndGlobalSection
	GlobalSection(ExtensibilityGlobals) = postSolution
		SolutionGuid = {9C9BE8D8-7EBA-4388-BFEF-31B576D12A9F}
	EndGlobalSection
EndGlobal
